<?xml version="1.0" encoding="utf-8"?>
<Project ToolsVersion="4.0" xmlns="http://schemas.microsoft.com/developer/msbuild/2003">
  <ItemGroup>
    <Filter Include="Source Files">
      <UniqueIdentifier>{4FC737F1-C7A5-4376-A066-2A32D752A2FF}</UniqueIdentifier>
      <Extensions>cpp;c;cc;cxx;def;odl;idl;hpj;bat;asm;asmx</Extensions>
    </Filter>
    <Filter Include="Header Files">
      <UniqueIdentifier>{93995380-89BD-4b04-88EB-625FBE52EBFB}</UniqueIdentifier>
      <Extensions>h;hpp;hxx;hm;inl;inc;xsd</Extensions>
    </Filter>
    <Filter Include="Resource Files">
      <UniqueIdentifier>{67DA6AB6-F800-4c08-8B7A-83BB121AAD01}</UniqueIdentifier>
      <Extensions>rc;ico;cur;bmp;dlg;rc2;rct;bin;rgs;gif;jpg;jpeg;jpe;resx;tiff;tif;png;wav</Extensions>
    </Filter>
  </ItemGroup>
  <ItemGroup>
    <ClCompile Include="boundary.cpp">
      <Filter>Source Files</Filter>
    </ClCompile>
    <ClCompile Include="chkpnt.cpp">
      <Filter>Source Files</Filter>
    </ClCompile>
    <ClCompile Include="ch_flow.cpp">
      <Filter>Source Files</Filter>
    </ClCompile>
    <ClCompile Include="fp_acc.cpp">
      <Filter>Source Files</Filter>
    </ClCompile>
    <ClCompile Include="fp_flow.cpp">
      <Filter>Source Files</Filter>
    </ClCompile>
    <ClCompile Include="fp_trent.cpp">
      <Filter>Source Files</Filter>
    </ClCompile>
    <ClCompile Include="infevap.cpp">
      <Filter>Source Files</Filter>
    </ClCompile>
    <ClCompile Include="input.cpp">
      <Filter>Source Files</Filter>
    </ClCompile>
    <ClCompile Include="iterateq.cpp">
      <Filter>Source Files</Filter>
    </ClCompile>
    <ClCompile Include="lisflood.cpp">
      <Filter>Source Files</Filter>
    </ClCompile>
    <ClCompile Include="output.cpp">
      <Filter>Source Files</Filter>
    </ClCompile>
    <ClCompile Include="pars.cpp">
      <Filter>Source Files</Filter>
    </ClCompile>
    <ClCompile Include="por_flow.cpp">
      <Filter>Source Files</Filter>
    </ClCompile>
    <ClCompile Include="sgc.cpp">
      <Filter>Source Files</Filter>
    </ClCompile>
    <ClCompile Include="util.cpp">
      <Filter>Source Files</Filter>
    </ClCompile>
    <ClCompile Include="weir_flow.cpp">
      <Filter>Source Files</Filter>
    </ClCompile>
    <ClCompile Include="lisflood2\file_tool.cpp">
      <Filter>Source Files</Filter>
    </ClCompile>
    <ClCompile Include="lisflood2\lisflood_processing.cpp">
      <Filter>Source Files</Filter>
    </ClCompile>
    <ClCompile Include="lisflood2\sgm_fast.cpp">
      <Filter>Source Files</Filter>
    </ClCompile>
    <ClCompile Include="lisflood2\windows_ext.cpp">
      <Filter>Source Files</Filter>
    </ClCompile>
    <ClCompile Include="lisflood2\lis2_output.cpp">
      <Filter>Source Files</Filter>
    </ClCompile>
    <ClCompile Include="utility.cpp">
      <Filter>Source Files</Filter>
    </ClCompile>
    <ClCompile Include="tests.cpp">
      <Filter>Source Files</Filter>
    </ClCompile>
    <ClCompile Include="lisflood2\DataTypes.cpp">
      <Filter>Source Files</Filter>
    </ClCompile>
    <ClCompile Include="swe\boundary.cpp">
      <Filter>Source Files</Filter>
    </ClCompile>
    <ClCompile Include="swe\dg2.cpp">
      <Filter>Source Files</Filter>
    </ClCompile>
    <ClCompile Include="swe\fields.cpp">
      <Filter>Source Files</Filter>
    </ClCompile>
    <ClCompile Include="swe\flux.cpp">
      <Filter>Source Files</Filter>
    </ClCompile>
    <ClCompile Include="swe\fv1.cpp">
      <Filter>Source Files</Filter>
    </ClCompile>
    <ClCompile Include="swe\hll.cpp">
      <Filter>Source Files</Filter>
    </ClCompile>
    <ClCompile Include="swe\input.cpp">
      <Filter>Source Files</Filter>
    </ClCompile>
    <ClCompile Include="swe\output.cpp">
      <Filter>Source Files</Filter>
    </ClCompile>
    <ClCompile Include="swe\stats.cpp">
      <Filter>Source Files</Filter>
    </ClCompile>
    <ClCompile Include="swe\dg2\fields.cpp">
      <Filter>Source Files</Filter>
    </ClCompile>
    <ClCompile Include="swe\dg2\friction.cpp">
      <Filter>Source Files</Filter>
    </ClCompile>
    <ClCompile Include="swe\dg2\modifiedvars.cpp">
      <Filter>Source Files</Filter>
    </ClCompile>
    <ClCompile Include="swe\dg2\slope_limiter.cpp">
      <Filter>Source Files</Filter>
    </ClCompile>
    <ClCompile Include="swe\fv1\modifiedvars.cpp">
      <Filter>Source Files</Filter>
    </ClCompile>
    <ClCompile Include="swe\dg2\dg2_output.cpp">
      <Filter>Source Files</Filter>
    </ClCompile>
    <ClCompile Include="rain/rain.cpp">
      <Filter>Source Files</Filter>
    </ClCompile>
  </ItemGroup>
  <ItemGroup>
    <ClInclude Include="lisflood.h">
      <Filter>Header Files</Filter>
    </ClInclude>
    <ClInclude Include="VersionHistory.h">
      <Filter>Header Files</Filter>
    </ClInclude>
    <ClInclude Include="utility.h">
      <Filter>Header Files</Filter>
    </ClInclude>
    <ClInclude Include="lisflood2\file_tool.h">
      <Filter>Header Files</Filter>
    </ClInclude>
    <ClInclude Include="lisflood2\lisflood_processing.h">
      <Filter>Header Files</Filter>
    </ClInclude>
    <ClInclude Include="lisflood2\lisflood2.h">
      <Filter>Header Files</Filter>
    </ClInclude>
    <ClInclude Include="lisflood2\sgm_fast.h">
      <Filter>Header Files</Filter>
    </ClInclude>
    <ClInclude Include="lisflood2\windows_ext.h">
      <Filter>Header Files</Filter>
    </ClInclude>
    <ClInclude Include="lisflood2\lis2_output.h">
      <Filter>Header Files</Filter>
    </ClInclude>
    <ClInclude Include="sgc.h">
      <Filter>Header Files</Filter>
    </ClInclude>
    <ClInclude Include="lisflood2\DataTypes.h">
      <Filter>Header Files</Filter>
    </ClInclude>
    <ClInclude Include="swe\boundary.h">
      <Filter>Header Files</Filter>
    </ClInclude>
    <ClInclude Include="swe\dg2.h">
      <Filter>Header Files</Filter>
    </ClInclude>
    <ClInclude Include="swe\fields.h">
      <Filter>Header Files</Filter>
    </ClInclude>
    <ClInclude Include="swe\flux.h">
      <Filter>Header Files</Filter>
    </ClInclude>
    <ClInclude Include="swe\fv1.h">
      <Filter>Header Files</Filter>
    </ClInclude>
    <ClInclude Include="swe\hll.h">
      <Filter>Header Files</Filter>
    </ClInclude>
    <ClInclude Include="swe\input.h">
      <Filter>Header Files</Filter>
    </ClInclude>
    <ClInclude Include="swe\output.h">
      <Filter>Header Files</Filter>
    </ClInclude>
    <ClInclude Include="swe\stats.h">
      <Filter>Header Files</Filter>
    </ClInclude>
    <ClInclude Include="swe\fv1\modifiedvars.h">
      <Filter>Header Files</Filter>
    </ClInclude>
    <ClInclude Include="swe\dg2\fields.h">
      <Filter>Header Files</Filter>
    </ClInclude>
    <ClInclude Include="swe\dg2\friction.h">
      <Filter>Header Files</Filter>
    </ClInclude>
    <ClInclude Include="swe\dg2\modifiedvars.h">
      <Filter>Header Files</Filter>
    </ClInclude>
    <ClInclude Include="swe\dg2\slope_limiter.h">
      <Filter>Header Files</Filter>
    </ClInclude>
    <ClInclude Include="swe\dg2\dg2_output.h">
      <Filter>Header Files</Filter>
    </ClInclude>
    <ClInclude Include="rain/rain.h">
      <Filter>Header Files</Filter>
    </ClInclude>
  </ItemGroup>
  <ItemGroup>
    <None Include="ClassDiagram.cd" />
  </ItemGroup>
</Project>